
Microsoft Visual Studio Solution File, Format Version 12.00
# Visual Studio 15
VisualStudioVersion = 15.0.28307.489
MinimumVisualStudioVersion = 10.0.40219.1
Project("{FAE04EC0-301F-11D3-BF4B-00C04F79EFBC}") = "GitKrakenDemo.Web", "GitKrakenDemo.Web\GitKrakenDemo.Web.csproj", "{D93F4EBE-5C56-45A0-B63C-BF47D19BDCB6}"
	ProjectSection(ProjectDependencies) = postProject
		{FD2BC73E-BEF4-449F-8849-6432D1371C9C} = {FD2BC73E-BEF4-449F-8849-6432D1371C9C}
		{2A7192F6-9A74-4854-875B-A096269AB400} = {2A7192F6-9A74-4854-875B-A096269AB400}
	EndProjectSection
EndProject
Project("{9A19103F-16F7-4668-BE54-9A1E7A4F7556}") = "GitKrakenDemo.BLL", "GitKrakenDemo.BLL\GitKrakenDemo.BLL.csproj", "{2A7192F6-9A74-4854-875B-A096269AB400}"
EndProject
Project("{9A19103F-16F7-4668-BE54-9A1E7A4F7556}") = "GitKrakenDemo.DAL", "GitKrakenDemo.DAL\GitKrakenDemo.DAL.csproj", "{FD2BC73E-BEF4-449F-8849-6432D1371C9C}"
EndProject
Project("{FAE04EC0-301F-11D3-BF4B-00C04F79EFBC}") = "GitKrakenDemo.uSmart", "GitKrakenDemo.uSmart\GitKrakenDemo.uSmart.csproj", "{78C71737-20C2-461F-9D74-3423084FE5A3}"
EndProject
Global
	GlobalSection(SolutionConfigurationPlatforms) = preSolution
		Debug|Any CPU = Debug|Any CPU
		Release|Any CPU = Release|Any CPU
	EndGlobalSection
	GlobalSection(ProjectConfigurationPlatforms) = postSolution
		{D93F4EBE-5C56-45A0-B63C-BF47D19BDCB6}.Debug|Any CPU.ActiveCfg = Debug|Any CPU
		{D93F4EBE-5C56-45A0-B63C-BF47D19BDCB6}.Debug|Any CPU.Build.0 = Debug|Any CPU
		{D93F4EBE-5C56-45A0-B63C-BF47D19BDCB6}.Release|Any CPU.ActiveCfg = Release|Any CPU
		{D93F4EBE-5C56-45A0-B63C-BF47D19BDCB6}.Release|Any CPU.Build.0 = Release|Any CPU
		{2A7192F6-9A74-4854-875B-A096269AB400}.Debug|Any CPU.ActiveCfg = Debug|Any CPU
		{2A7192F6-9A74-4854-875B-A096269AB400}.Debug|Any CPU.Build.0 = Debug|Any CPU
		{2A7192F6-9A74-4854-875B-A096269AB400}.Release|Any CPU.ActiveCfg = Release|Any CPU
		{2A7192F6-9A74-4854-875B-A096269AB400}.Release|Any CPU.Build.0 = Release|Any CPU
		{FD2BC73E-BEF4-449F-8849-6432D1371C9C}.Debug|Any CPU.ActiveCfg = Debug|Any CPU
		{FD2BC73E-BEF4-449F-8849-6432D1371C9C}.Debug|Any CPU.Build.0 = Debug|Any CPU
		{FD2BC73E-BEF4-449F-8849-6432D1371C9C}.Release|Any CPU.ActiveCfg = Release|Any CPU
		{FD2BC73E-BEF4-449F-8849-6432D1371C9C}.Release|Any CPU.Build.0 = Release|Any CPU
		{78C71737-20C2-461F-9D74-3423084FE5A3}.Debug|Any CPU.ActiveCfg = Debug|Any CPU
		{78C71737-20C2-461F-9D74-3423084FE5A3}.Debug|Any CPU.Build.0 = Debug|Any CPU
		{78C71737-20C2-461F-9D74-3423084FE5A3}.Release|Any CPU.ActiveCfg = Release|Any CPU
		{78C71737-20C2-461F-9D74-3423084FE5A3}.Release|Any CPU.Build.0 = Release|Any CPU
	EndGlobalSection
	GlobalSection(SolutionProperties) = preSolution
		HideSolutionNode = FALSE
	EndGlobalSection
	GlobalSection(ExtensibilityGlobals) = postSolution
		SolutionGuid = {F0C1F318-F04A-4ABB-888E-7C527C2C160D}
	EndGlobalSection
EndGlobal
